{
    "version": 3,
    "terraform_version": "0.11.13",
    "serial": 2,
    "lineage": "931e1b21-79cf-4fa3-5095-d79c7087076a",
    "modules": [
        {
            "path": [
                "root"
            ],
            "outputs": {},
            "resources": {
                "aws_vpc.f5_demo_vpn": {
                    "type": "aws_vpc",
                    "depends_on": [],
                    "primary": {
                        "id": "vpc-0b1c7b712c3298694",
                        "attributes": {
                            "arn": "arn:aws:ec2:us-east-2:317124676658:vpc/vpc-0b1c7b712c3298694",
                            "assign_generated_ipv6_cidr_block": "false",
                            "cidr_block": "10.0.0.0/16",
                            "default_network_acl_id": "acl-055f94767d3458be0",
                            "default_route_table_id": "rtb-04ce2097b3cf8a50f",
                            "default_security_group_id": "sg-05fc27229e0424d3a",
                            "dhcp_options_id": "dopt-0d44a265",
                            "enable_dns_hostnames": "true",
                            "enable_dns_support": "true",
                            "id": "vpc-0b1c7b712c3298694",
                            "instance_tenancy": "default",
                            "ipv6_association_id": "",
                            "ipv6_cidr_block": "",
                            "main_route_table_id": "rtb-04ce2097b3cf8a50f",
                            "owner_id": "317124676658",
                            "tags.%": "0"
                        },
                        "meta": {
                            "schema_version": "1"
                        },
                        "tainted": false
                    },
                    "deposed": [],
                    "provider": "provider.aws"
                }
            },
            "depends_on": []
        }
    ]
}
